
Microsoft Visual Studio Solution File, Format Version 12.00
# Visual Studio Version 17
VisualStudioVersion = 17.10.34916.146
MinimumVisualStudioVersion = 10.0.40219.1
Project("{9A19103F-16F7-4668-BE54-9A1E7A4F7556}") = "ConflictsSearch", "ConflictsSearch.csproj", "{2C843F04-E91E-4DDD-AD78-05491A4FDBC7}"
EndProject
Project("{FAE04EC0-301F-11D3-BF4B-00C04F79EFBC}") = "ConflictsSearchTests", "..\ConflictsSearchTests\ConflictsSearchTests.csproj", "{B71453F1-3B61-4A0F-AEAB-BBD320357AC8}"
EndProject
Global
	GlobalSection(SolutionConfigurationPlatforms) = preSolution
		Debug|Any CPU = Debug|Any CPU
		Release|Any CPU = Release|Any CPU
	EndGlobalSection
	GlobalSection(ProjectConfigurationPlatforms) = postSolution
		{2C843F04-E91E-4DDD-AD78-05491A4FDBC7}.Debug|Any CPU.ActiveCfg = Debug|Any CPU
		{2C843F04-E91E-4DDD-AD78-05491A4FDBC7}.Debug|Any CPU.Build.0 = Debug|Any CPU
		{2C843F04-E91E-4DDD-AD78-05491A4FDBC7}.Release|Any CPU.ActiveCfg = Release|Any CPU
		{2C843F04-E91E-4DDD-AD78-05491A4FDBC7}.Release|Any CPU.Build.0 = Release|Any CPU
		{B71453F1-3B61-4A0F-AEAB-BBD320357AC8}.Debug|Any CPU.ActiveCfg = Debug|Any CPU
		{B71453F1-3B61-4A0F-AEAB-BBD320357AC8}.Debug|Any CPU.Build.0 = Debug|Any CPU
		{B71453F1-3B61-4A0F-AEAB-BBD320357AC8}.Release|Any CPU.ActiveCfg = Release|Any CPU
		{B71453F1-3B61-4A0F-AEAB-BBD320357AC8}.Release|Any CPU.Build.0 = Release|Any CPU
	EndGlobalSection
	GlobalSection(SolutionProperties) = preSolution
		HideSolutionNode = FALSE
	EndGlobalSection
	GlobalSection(ExtensibilityGlobals) = postSolution
		SolutionGuid = {D245EDCA-619C-4393-BB5C-1D02FFAFB1BD}
	EndGlobalSection
EndGlobal
